<?xml version="1.0" encoding="utf-8"?>
<Project ToolsVersion="4.0" xmlns="http://schemas.microsoft.com/developer/msbuild/2003">
  <ItemGroup>
    <Filter Include="Fichiers sources">
      <UniqueIdentifier>{4FC737F1-C7A5-4376-A066-2A32D752A2FF}</UniqueIdentifier>
      <Extensions>cpp;c;cc;cxx;def;odl;idl;hpj;bat;asm;asmx</Extensions>
    </Filter>
    <Filter Include="Fichiers d%27en-tête">
      <UniqueIdentifier>{93995380-89BD-4b04-88EB-625FBE52EBFB}</UniqueIdentifier>
      <Extensions>h;hh;hpp;hxx;hm;inl;inc;xsd</Extensions>
    </Filter>
    <Filter Include="Fichiers de ressources">
      <UniqueIdentifier>{67DA6AB6-F800-4c08-8B7A-83BB121AAD01}</UniqueIdentifier>
      <Extensions>rc;ico;cur;bmp;dlg;rc2;rct;bin;rgs;gif;jpg;jpeg;jpe;resx;tiff;tif;png;wav;mfcribbon-ms</Extensions>
    </Filter>
    <Filter Include="Fichiers d%27en-tête\Graphics">
      <UniqueIdentifier>{737d7c89-eeaf-448d-90bd-b2f555e7da68}</UniqueIdentifier>
    </Filter>
    <Filter Include="Fichiers d%27en-tête\Main">
      <UniqueIdentifier>{93767aa3-4bce-4440-a3e9-59b2d23d6733}</UniqueIdentifier>
    </Filter>
    <Filter Include="Fichiers d%27en-tête\Server">
      <UniqueIdentifier>{eca68607-3f66-4726-b6cb-30a21113fd78}</UniqueIdentifier>
    </Filter>
    <Filter Include="Fichiers de ressources\Server">
      <UniqueIdentifier>{f47f4305-ff8c-4581-b9b8-e1adba8ae4d1}</UniqueIdentifier>
    </Filter>
    <Filter Include="Fichiers de ressources\Sprites">
      <UniqueIdentifier>{0675b6e2-6104-47d0-856b-ef304da5e9a7}</UniqueIdentifier>
    </Filter>
    <Filter Include="Fichiers sources\Graphics">
      <UniqueIdentifier>{84731ad2-c7f8-438a-a47a-0b0319aebf51}</UniqueIdentifier>
    </Filter>
    <Filter Include="Fichiers sources\Main">
      <UniqueIdentifier>{500285ca-68b0-4747-9aac-577dc7cd3712}</UniqueIdentifier>
    </Filter>
    <Filter Include="Fichiers sources\Server">
      <UniqueIdentifier>{502fb1c2-6fb7-4c7e-bd7c-d4837fabd39e}</UniqueIdentifier>
    </Filter>
  </ItemGroup>
  <ItemGroup>
    <ClCompile Include="main.cpp">
      <Filter>Fichiers sources</Filter>
    </ClCompile>
    <ClCompile Include="MainGame.cpp">
      <Filter>Fichiers sources</Filter>
    </ClCompile>
    <ClCompile Include="Graphics\GameObject.cpp">
      <Filter>Fichiers sources\Graphics</Filter>
    </ClCompile>
    <ClCompile Include="Graphics\GameObjectManager.cpp">
      <Filter>Fichiers sources\Graphics</Filter>
    </ClCompile>
    <ClCompile Include="Main\Board.cpp">
      <Filter>Fichiers sources\Main</Filter>
    </ClCompile>
    <ClCompile Include="Main\Case.cpp">
      <Filter>Fichiers sources\Main</Filter>
    </ClCompile>
    <ClCompile Include="Main\Piece.cpp">
      <Filter>Fichiers sources\Main</Filter>
    </ClCompile>
    <ClCompile Include="Server\Client.cpp">
      <Filter>Fichiers sources\Server</Filter>
    </ClCompile>
    <ClCompile Include="Server\MSClient.cpp">
      <Filter>Fichiers sources\Server</Filter>
    </ClCompile>
    <ClCompile Include="Server\Server.cpp">
      <Filter>Fichiers sources\Server</Filter>
    </ClCompile>
    <ClCompile Include="Server\JSON.cpp">
      <Filter>Fichiers sources\Server</Filter>
    </ClCompile>
    <ClCompile Include="Server\JSONValue.cpp">
      <Filter>Fichiers sources\Server</Filter>
    </ClCompile>
    <ClCompile Include="Graphics\MainMenu.cpp">
      <Filter>Fichiers sources\Graphics</Filter>
    </ClCompile>
    <ClCompile Include="AI.cpp">
      <Filter>Fichiers sources</Filter>
    </ClCompile>
  </ItemGroup>
  <ItemGroup>
    <ClInclude Include="MainGame.h">
      <Filter>Fichiers d%27en-tête</Filter>
    </ClInclude>
    <ClInclude Include="Global.h">
      <Filter>Fichiers d%27en-tête</Filter>
    </ClInclude>
    <ClInclude Include="Graphics\GameObject.h">
      <Filter>Fichiers d%27en-tête\Graphics</Filter>
    </ClInclude>
    <ClInclude Include="Graphics\GameObjectManager.h">
      <Filter>Fichiers d%27en-tête\Graphics</Filter>
    </ClInclude>
    <ClInclude Include="Main\Board.h">
      <Filter>Fichiers d%27en-tête\Main</Filter>
    </ClInclude>
    <ClInclude Include="Main\Case.h">
      <Filter>Fichiers d%27en-tête\Main</Filter>
    </ClInclude>
    <ClInclude Include="Main\CaseID.h">
      <Filter>Fichiers d%27en-tête\Main</Filter>
    </ClInclude>
    <ClInclude Include="Main\Piece.h">
      <Filter>Fichiers d%27en-tête\Main</Filter>
    </ClInclude>
    <ClInclude Include="Main\PieceInfo.h">
      <Filter>Fichiers d%27en-tête\Main</Filter>
    </ClInclude>
    <ClInclude Include="Server\Client.h">
      <Filter>Fichiers d%27en-tête\Server</Filter>
    </ClInclude>
    <ClInclude Include="Server\MSClient.h">
      <Filter>Fichiers d%27en-tête\Server</Filter>
    </ClInclude>
    <ClInclude Include="Server\Server.h">
      <Filter>Fichiers d%27en-tête\Server</Filter>
    </ClInclude>
    <ClInclude Include="Server\JSON.h">
      <Filter>Fichiers d%27en-tête\Server</Filter>
    </ClInclude>
    <ClInclude Include="Server\JSONValue.h">
      <Filter>Fichiers d%27en-tête\Server</Filter>
    </ClInclude>
    <ClInclude Include="Fonctions.h">
      <Filter>Fichiers d%27en-tête</Filter>
    </ClInclude>
    <ClInclude Include="Graphics\MainMenu.h">
      <Filter>Fichiers d%27en-tête\Graphics</Filter>
    </ClInclude>
    <ClInclude Include="AI.h">
      <Filter>Fichiers d%27en-tête</Filter>
    </ClInclude>
  </ItemGroup>
  <ItemGroup>
    <None Include="Server\account.json">
      <Filter>Fichiers de ressources\Server</Filter>
    </None>
    <None Include="Server\MasterServer.js">
      <Filter>Fichiers de ressources\Server</Filter>
    </None>
    <None Include="Server\StartMasterServer.bat">
      <Filter>Fichiers de ressources\Server</Filter>
    </None>
  </ItemGroup>
  <ItemGroup>
    <Image Include="Sprites\board.jpg">
      <Filter>Fichiers de ressources\Sprites</Filter>
    </Image>
    <Image Include="Sprites\Chess_Board.png">
      <Filter>Fichiers de ressources\Sprites</Filter>
    </Image>
    <Image Include="Sprites\Chess_Pieces_Sprite.png">
      <Filter>Fichiers de ressources\Sprites</Filter>
    </Image>
    <Image Include="Sprites\White_Bishop.png">
      <Filter>Fichiers de ressources\Sprites</Filter>
    </Image>
    <Image Include="Sprites\White_King.png">
      <Filter>Fichiers de ressources\Sprites</Filter>
    </Image>
    <Image Include="Sprites\White_Knight.png">
      <Filter>Fichiers de ressources\Sprites</Filter>
    </Image>
    <Image Include="Sprites\White_Pawn.png">
      <Filter>Fichiers de ressources\Sprites</Filter>
    </Image>
    <Image Include="Sprites\White_Queen.png">
      <Filter>Fichiers de ressources\Sprites</Filter>
    </Image>
    <Image Include="Sprites\White_Rook.png">
      <Filter>Fichiers de ressources\Sprites</Filter>
    </Image>
  </ItemGroup>
</Project>